// !$*UTF8*$!
{
	archiveVersion = 1;
	classes = {
	};
	objectVersion = 55;
	objects = {

/* Begin PBXBuildFile section */
		37F2255A2842DFBD00CE0797 /* ArbuzShopApp.swift in Sources */ = {isa = PBXBuildFile; fileRef = 37F225592842DFBD00CE0797 /* ArbuzShopApp.swift */; };
		37F2255C2842DFBD00CE0797 /* ContentView.swift in Sources */ = {isa = PBXBuildFile; fileRef = 37F2255B2842DFBD00CE0797 /* ContentView.swift */; };
		37F2255E2842DFBF00CE0797 /* Assets.xcassets in Resources */ = {isa = PBXBuildFile; fileRef = 37F2255D2842DFBF00CE0797 /* Assets.xcassets */; };
		37F225612842DFBF00CE0797 /* Preview Assets.xcassets in Resources */ = {isa = PBXBuildFile; fileRef = 37F225602842DFBF00CE0797 /* Preview Assets.xcassets */; };
		37F225692842E3BC00CE0797 /* Product.swift in Sources */ = {isa = PBXBuildFile; fileRef = 37F225682842E3BC00CE0797 /* Product.swift */; };
		37F2256C2842E78C00CE0797 /* ProductCard.swift in Sources */ = {isa = PBXBuildFile; fileRef = 37F2256B2842E78C00CE0797 /* ProductCard.swift */; };
		37F2256F2842F4C800CE0797 /* CartButton.swift in Sources */ = {isa = PBXBuildFile; fileRef = 37F2256E2842F4C800CE0797 /* CartButton.swift */; };
		37F225712842FAD700CE0797 /* CartView.swift in Sources */ = {isa = PBXBuildFile; fileRef = 37F225702842FAD700CE0797 /* CartView.swift */; };
		37F225732842FC3B00CE0797 /* CartManager.swift in Sources */ = {isa = PBXBuildFile; fileRef = 37F225722842FC3B00CE0797 /* CartManager.swift */; };
		37F22575284301E300CE0797 /* ProductRow.swift in Sources */ = {isa = PBXBuildFile; fileRef = 37F22574284301E300CE0797 /* ProductRow.swift */; };
		37F2257928433DFF00CE0797 /* PaymentButton.swift in Sources */ = {isa = PBXBuildFile; fileRef = 37F2257828433DFF00CE0797 /* PaymentButton.swift */; };
		37F2257B28434BB900CE0797 /* PaymentHandler.swift in Sources */ = {isa = PBXBuildFile; fileRef = 37F2257A28434BB900CE0797 /* PaymentHandler.swift */; };
/* End PBXBuildFile section */

/* Begin PBXFileReference section */
		37F225562842DFBD00CE0797 /* ArbuzShop.app */ = {isa = PBXFileReference; explicitFileType = wrapper.application; includeInIndex = 0; path = ArbuzShop.app; sourceTree = BUILT_PRODUCTS_DIR; };
		37F225592842DFBD00CE0797 /* ArbuzShopApp.swift */ = {isa = PBXFileReference; lastKnownFileType = sourcecode.swift; path = ArbuzShopApp.swift; sourceTree = "<group>"; };
		37F2255B2842DFBD00CE0797 /* ContentView.swift */ = {isa = PBXFileReference; lastKnownFileType = sourcecode.swift; path = ContentView.swift; sourceTree = "<group>"; };
		37F2255D2842DFBF00CE0797 /* Assets.xcassets */ = {isa = PBXFileReference; lastKnownFileType = folder.assetcatalog; path = Assets.xcassets; sourceTree = "<group>"; };
		37F225602842DFBF00CE0797 /* Preview Assets.xcassets */ = {isa = PBXFileReference; lastKnownFileType = folder.assetcatalog; path = "Preview Assets.xcassets"; sourceTree = "<group>"; };
		37F225682842E3BC00CE0797 /* Product.swift */ = {isa = PBXFileReference; lastKnownFileType = sourcecode.swift; path = Product.swift; sourceTree = "<group>"; };
		37F2256B2842E78C00CE0797 /* ProductCard.swift */ = {isa = PBXFileReference; lastKnownFileType = sourcecode.swift; path = ProductCard.swift; sourceTree = "<group>"; };
		37F2256E2842F4C800CE0797 /* CartButton.swift */ = {isa = PBXFileReference; lastKnownFileType = sourcecode.swift; path = CartButton.swift; sourceTree = "<group>"; };
		37F225702842FAD700CE0797 /* CartView.swift */ = {isa = PBXFileReference; lastKnownFileType = sourcecode.swift; path = CartView.swift; sourceTree = "<group>"; };
		37F225722842FC3B00CE0797 /* CartManager.swift */ = {isa = PBXFileReference; lastKnownFileType = sourcecode.swift; path = CartManager.swift; sourceTree = "<group>"; };
		37F22574284301E300CE0797 /* ProductRow.swift */ = {isa = PBXFileReference; lastKnownFileType = sourcecode.swift; path = ProductRow.swift; sourceTree = "<group>"; };
		37F2257828433DFF00CE0797 /* PaymentButton.swift */ = {isa = PBXFileReference; lastKnownFileType = sourcecode.swift; path = PaymentButton.swift; sourceTree = "<group>"; };
		37F2257A28434BB900CE0797 /* PaymentHandler.swift */ = {isa = PBXFileReference; lastKnownFileType = sourcecode.swift; path = PaymentHandler.swift; sourceTree = "<group>"; };
/* End PBXFileReference section */

/* Begin PBXFrameworksBuildPhase section */
		37F225532842DFBD00CE0797 /* Frameworks */ = {
			isa = PBXFrameworksBuildPhase;
			buildActionMask = 2147483647;
			files = (
			);
			runOnlyForDeploymentPostprocessing = 0;
		};
/* End PBXFrameworksBuildPhase section */

/* Begin PBXGroup section */
		37F2254D2842DFBD00CE0797 = {
			isa = PBXGroup;
			children = (
				37F225582842DFBD00CE0797 /* ArbuzShop */,
				37F225572842DFBD00CE0797 /* Products */,
			);
			sourceTree = "<group>";
		};
		37F225572842DFBD00CE0797 /* Products */ = {
			isa = PBXGroup;
			children = (
				37F225562842DFBD00CE0797 /* ArbuzShop.app */,
			);
			name = Products;
			sourceTree = "<group>";
		};
		37F225582842DFBD00CE0797 /* ArbuzShop */ = {
			isa = PBXGroup;
			children = (
				37F225592842DFBD00CE0797 /* ArbuzShopApp.swift */,
				37F2256D2842F0D000CE0797 /* Views */,
				37F2255B2842DFBD00CE0797 /* ContentView.swift */,
				37F2256A2842E76A00CE0797 /* Components */,
				37F225672842E37C00CE0797 /* Model */,
				37F2255D2842DFBF00CE0797 /* Assets.xcassets */,
				37F2255F2842DFBF00CE0797 /* Preview Content */,
				37F225722842FC3B00CE0797 /* CartManager.swift */,
				37F2257A28434BB900CE0797 /* PaymentHandler.swift */,
			);
			path = ArbuzShop;
			sourceTree = "<group>";
		};
		37F2255F2842DFBF00CE0797 /* Preview Content */ = {
			isa = PBXGroup;
			children = (
				37F225602842DFBF00CE0797 /* Preview Assets.xcassets */,
			);
			path = "Preview Content";
			sourceTree = "<group>";
		};
		37F225672842E37C00CE0797 /* Model */ = {
			isa = PBXGroup;
			children = (
				37F225682842E3BC00CE0797 /* Product.swift */,
			);
			path = Model;
			sourceTree = "<group>";
		};
		37F2256A2842E76A00CE0797 /* Components */ = {
			isa = PBXGroup;
			children = (
				37F2256B2842E78C00CE0797 /* ProductCard.swift */,
				37F2256E2842F4C800CE0797 /* CartButton.swift */,
				37F22574284301E300CE0797 /* ProductRow.swift */,
				37F2257828433DFF00CE0797 /* PaymentButton.swift */,
			);
			path = Components;
			sourceTree = "<group>";
		};
		37F2256D2842F0D000CE0797 /* Views */ = {
			isa = PBXGroup;
			children = (
				37F225702842FAD700CE0797 /* CartView.swift */,
			);
			path = Views;
			sourceTree = "<group>";
		};
/* End PBXGroup section */

/* Begin PBXNativeTarget section */
		37F225552842DFBD00CE0797 /* ArbuzShop */ = {
			isa = PBXNativeTarget;
			buildConfigurationList = 37F225642842DFBF00CE0797 /* Build configuration list for PBXNativeTarget "ArbuzShop" */;
			buildPhases = (
				37F225522842DFBD00CE0797 /* Sources */,
				37F225532842DFBD00CE0797 /* Frameworks */,
				37F225542842DFBD00CE0797 /* Resources */,
			);
			buildRules = (
			);
			dependencies = (
			);
			name = ArbuzShop;
			productName = ArbuzShop;
			productReference = 37F225562842DFBD00CE0797 /* ArbuzShop.app */;
			productType = "com.apple.product-type.application";
		};
/* End PBXNativeTarget section */

/* Begin PBXProject section */
		37F2254E2842DFBD00CE0797 /* Project object */ = {
			isa = PBXProject;
			attributes = {
				BuildIndependentTargetsInParallel = 1;
				LastSwiftUpdateCheck = 1330;
				LastUpgradeCheck = 1330;
				TargetAttributes = {
					37F225552842DFBD00CE0797 = {
						CreatedOnToolsVersion = 13.3;
					};
				};
			};
			buildConfigurationList = 37F225512842DFBD00CE0797 /* Build configuration list for PBXProject "ArbuzShop" */;
			compatibilityVersion = "Xcode 13.0";
			developmentRegion = en;
			hasScannedForEncodings = 0;
			knownRegions = (
				en,
				Base,
			);
			mainGroup = 37F2254D2842DFBD00CE0797;
			productRefGroup = 37F225572842DFBD00CE0797 /* Products */;
			projectDirPath = "";
			projectRoot = "";
			targets = (
				37F225552842DFBD00CE0797 /* ArbuzShop */,
			);
		};
/* End PBXProject section */

/* Begin PBXResourcesBuildPhase section */
		37F225542842DFBD00CE0797 /* Resources */ = {
			isa = PBXResourcesBuildPhase;
			buildActionMask = 2147483647;
			files = (
				37F225612842DFBF00CE0797 /* Preview Assets.xcassets in Resources */,
				37F2255E2842DFBF00CE0797 /* Assets.xcassets in Resources */,
			);
			runOnlyForDeploymentPostprocessing = 0;
		};
/* End PBXResourcesBuildPhase section */

/* Begin PBXSourcesBuildPhase section */
		37F225522842DFBD00CE0797 /* Sources */ = {
			isa = PBXSourcesBuildPhase;
			buildActionMask = 2147483647;
			files = (
				37F2257928433DFF00CE0797 /* PaymentButton.swift in Sources */,
				37F2257B28434BB900CE0797 /* PaymentHandler.swift in Sources */,
				37F225712842FAD700CE0797 /* CartView.swift in Sources */,
				37F2255C2842DFBD00CE0797 /* ContentView.swift in Sources */,
				37F225732842FC3B00CE0797 /* CartManager.swift in Sources */,
				37F2255A2842DFBD00CE0797 /* ArbuzShopApp.swift in Sources */,
				37F22575284301E300CE0797 /* ProductRow.swift in Sources */,
				37F225692842E3BC00CE0797 /* Product.swift in Sources */,
				37F2256C2842E78C00CE0797 /* ProductCard.swift in Sources */,
				37F2256F2842F4C800CE0797 /* CartButton.swift in Sources */,
			);
			runOnlyForDeploymentPostprocessing = 0;
		};
/* End PBXSourcesBuildPhase section */

/* Begin XCBuildConfiguration section */
		37F225622842DFBF00CE0797 /* Debug */ = {
			isa = XCBuildConfiguration;
			buildSettings = {
				ALWAYS_SEARCH_USER_PATHS = NO;
				CLANG_ANALYZER_NONNULL = YES;
				CLANG_ANALYZER_NUMBER_OBJECT_CONVERSION = YES_AGGRESSIVE;
				CLANG_CXX_LANGUAGE_STANDARD = "gnu++17";
				CLANG_ENABLE_MODULES = YES;
				CLANG_ENABLE_OBJC_ARC = YES;
				CLANG_ENABLE_OBJC_WEAK = YES;
				CLANG_WARN_BLOCK_CAPTURE_AUTORELEASING = YES;
				CLANG_WARN_BOOL_CONVERSION = YES;
				CLANG_WARN_COMMA = YES;
				CLANG_WARN_CONSTANT_CONVERSION = YES;
				CLANG_WARN_DEPRECATED_OBJC_IMPLEMENTATIONS = YES;
				CLANG_WARN_DIRECT_OBJC_ISA_USAGE = YES_ERROR;
				CLANG_WARN_DOCUMENTATION_COMMENTS = YES;
				CLANG_WARN_EMPTY_BODY = YES;
				CLANG_WARN_ENUM_CONVERSION = YES;
				CLANG_WARN_INFINITE_RECURSION = YES;
				CLANG_WARN_INT_CONVERSION = YES;
				CLANG_WARN_NON_LITERAL_NULL_CONVERSION = YES;
				CLANG_WARN_OBJC_IMPLICIT_RETAIN_SELF = YES;
				CLANG_WARN_OBJC_LITERAL_CONVERSION = YES;
				CLANG_WARN_OBJC_ROOT_CLASS = YES_ERROR;
				CLANG_WARN_QUOTED_INCLUDE_IN_FRAMEWORK_HEADER = YES;
				CLANG_WARN_RANGE_LOOP_ANALYSIS = YES;
				CLANG_WARN_STRICT_PROTOTYPES = YES;
				CLANG_WARN_SUSPICIOUS_MOVE = YES;
				CLANG_WARN_UNGUARDED_AVAILABILITY = YES_AGGRESSIVE;
				CLANG_WARN_UNREACHABLE_CODE = YES;
				CLANG_WARN__DUPLICATE_METHOD_MATCH = YES;
				COPY_PHASE_STRIP = NO;
				DEBUG_INFORMATION_FORMAT = dwarf;
				ENABLE_STRICT_OBJC_MSGSEND = YES;
				ENABLE_TESTABILITY = YES;
				GCC_C_LANGUAGE_STANDARD = gnu11;
				GCC_DYNAMIC_NO_PIC = NO;
				GCC_NO_COMMON_BLOCKS = YES;
				GCC_OPTIMIZATION_LEVEL = 0;
				GCC_PREPROCESSOR_DEFINITIONS = (
					"DEBUG=1",
					"$(inherited)",
				);
				GCC_WARN_64_TO_32_BIT_CONVERSION = YES;
				GCC_WARN_ABOUT_RETURN_TYPE = YES_ERROR;
				GCC_WARN_UNDECLARED_SELECTOR = YES;
				GCC_WARN_UNINITIALIZED_AUTOS = YES_AGGRESSIVE;
				GCC_WARN_UNUSED_FUNCTION = YES;
				GCC_WARN_UNUSED_VARIABLE = YES;
				IPHONEOS_DEPLOYMENT_TARGET = 15.4;
				MTL_ENABLE_DEBUG_INFO = INCLUDE_SOURCE;
				MTL_FAST_MATH = YES;
				ONLY_ACTIVE_ARCH = YES;
				SDKROOT = iphoneos;
				SWIFT_ACTIVE_COMPILATION_CONDITIONS = DEBUG;
				SWIFT_OPTIMIZATION_LEVEL = "-Onone";
			};
			name = Debug;
		};
		37F225632842DFBF00CE0797 /* Release */ = {
			isa = XCBuildConfiguration;
			buildSettings = {
				ALWAYS_SEARCH_USER_PATHS = NO;
				CLANG_ANALYZER_NONNULL = YES;
				CLANG_ANALYZER_NUMBER_OBJECT_CONVERSION = YES_AGGRESSIVE;
				CLANG_CXX_LANGUAGE_STANDARD = "gnu++17";
				CLANG_ENABLE_MODULES = YES;
				CLANG_ENABLE_OBJC_ARC = YES;
				CLANG_ENABLE_OBJC_WEAK = YES;
				CLANG_WARN_BLOCK_CAPTURE_AUTORELEASING = YES;
				CLANG_WARN_BOOL_CONVERSION = YES;
				CLANG_WARN_COMMA = YES;
				CLANG_WARN_CONSTANT_CONVERSION = YES;
				CLANG_WARN_DEPRECATED_OBJC_IMPLEMENTATIONS = YES;
				CLANG_WARN_DIRECT_OBJC_ISA_USAGE = YES_ERROR;
				CLANG_WARN_DOCUMENTATION_COMMENTS = YES;
				CLANG_WARN_EMPTY_BODY = YES;
				CLANG_WARN_ENUM_CONVERSION = YES;
				CLANG_WARN_INFINITE_RECURSION = YES;
				CLANG_WARN_INT_CONVERSION = YES;
				CLANG_WARN_NON_LITERAL_NULL_CONVERSION = YES;
				CLANG_WARN_OBJC_IMPLICIT_RETAIN_SELF = YES;
				CLANG_WARN_OBJC_LITERAL_CONVERSION = YES;
				CLANG_WARN_OBJC_ROOT_CLASS = YES_ERROR;
				CLANG_WARN_QUOTED_INCLUDE_IN_FRAMEWORK_HEADER = YES;
				CLANG_WARN_RANGE_LOOP_ANALYSIS = YES;
				CLANG_WARN_STRICT_PROTOTYPES = YES;
				CLANG_WARN_SUSPICIOUS_MOVE = YES;
				CLANG_WARN_UNGUARDED_AVAILABILITY = YES_AGGRESSIVE;
				CLANG_WARN_UNREACHABLE_CODE = YES;
				CLANG_WARN__DUPLICATE_METHOD_MATCH = YES;
				COPY_PHASE_STRIP = NO;
				DEBUG_INFORMATION_FORMAT = "dwarf-with-dsym";
				ENABLE_NS_ASSERTIONS = NO;
				ENABLE_STRICT_OBJC_MSGSEND = YES;
				GCC_C_LANGUAGE_STANDARD = gnu11;
				GCC_NO_COMMON_BLOCKS = YES;
				GCC_WARN_64_TO_32_BIT_CONVERSION = YES;
				GCC_WARN_ABOUT_RETURN_TYPE = YES_ERROR;
				GCC_WARN_UNDECLARED_SELECTOR = YES;
				GCC_WARN_UNINITIALIZED_AUTOS = YES_AGGRESSIVE;
				GCC_WARN_UNUSED_FUNCTION = YES;
				GCC_WARN_UNUSED_VARIABLE = YES;
				IPHONEOS_DEPLOYMENT_TARGET = 15.4;
				MTL_ENABLE_DEBUG_INFO = NO;
				MTL_FAST_MATH = YES;
				SDKROOT = iphoneos;
				SWIFT_COMPILATION_MODE = wholemodule;
				SWIFT_OPTIMIZATION_LEVEL = "-O";
				VALIDATE_PRODUCT = YES;
			};
			name = Release;
		};
		37F225652842DFBF00CE0797 /* Debug */ = {
			isa = XCBuildConfiguration;
			buildSettings = {
				ASSETCATALOG_COMPILER_APPICON_NAME = AppIcon;
				ASSETCATALOG_COMPILER_GLOBAL_ACCENT_COLOR_NAME = AccentColor;
				CODE_SIGN_STYLE = Automatic;
				CURRENT_PROJECT_VERSION = 1;
				DEVELOPMENT_ASSET_PATHS = "\"ArbuzShop/Preview Content\"";
				DEVELOPMENT_TEAM = 564G42K893;
				ENABLE_PREVIEWS = YES;
				GENERATE_INFOPLIST_FILE = YES;
				INFOPLIST_KEY_UIApplicationSceneManifest_Generation = YES;
				INFOPLIST_KEY_UIApplicationSupportsIndirectInputEvents = YES;
				INFOPLIST_KEY_UILaunchScreen_Generation = YES;
				INFOPLIST_KEY_UISupportedInterfaceOrientations_iPad = "UIInterfaceOrientationPortrait UIInterfaceOrientationPortraitUpsideDown UIInterfaceOrientationLandscapeLeft UIInterfaceOrientationLandscapeRight";
				INFOPLIST_KEY_UISupportedInterfaceOrientations_iPhone = "UIInterfaceOrientationPortrait UIInterfaceOrientationLandscapeLeft UIInterfaceOrientationLandscapeRight";
				LD_RUNPATH_SEARCH_PATHS = (
					"$(inherited)",
					"@executable_path/Frameworks",
				);
				MARKETING_VERSION = 1.0;
				PRODUCT_BUNDLE_IDENTIFIER = kbtu.ArbuzShop;
				PRODUCT_NAME = "$(TARGET_NAME)";
				SWIFT_EMIT_LOC_STRINGS = YES;
				SWIFT_VERSION = 5.0;
				TARGETED_DEVICE_FAMILY = 1;
			};
			name = Debug;
		};
		37F225662842DFBF00CE0797 /* Release */ = {
			isa = XCBuildConfiguration;
			buildSettings = {
				ASSETCATALOG_COMPILER_APPICON_NAME = AppIcon;
				ASSETCATALOG_COMPILER_GLOBAL_ACCENT_COLOR_NAME = AccentColor;
				CODE_SIGN_STYLE = Automatic;
				CURRENT_PROJECT_VERSION = 1;
				DEVELOPMENT_ASSET_PATHS = "\"ArbuzShop/Preview Content\"";
				DEVELOPMENT_TEAM = 564G42K893;
				ENABLE_PREVIEWS = YES;
				GENERATE_INFOPLIST_FILE = YES;
				INFOPLIST_KEY_UIApplicationSceneManifest_Generation = YES;
				INFOPLIST_KEY_UIApplicationSupportsIndirectInputEvents = YES;
				INFOPLIST_KEY_UILaunchScreen_Generation = YES;
				INFOPLIST_KEY_UISupportedInterfaceOrientations_iPad = "UIInterfaceOrientationPortrait UIInterfaceOrientationPortraitUpsideDown UIInterfaceOrientationLandscapeLeft UIInterfaceOrientationLandscapeRight";
				INFOPLIST_KEY_UISupportedInterfaceOrientations_iPhone = "UIInterfaceOrientationPortrait UIInterfaceOrientationLandscapeLeft UIInterfaceOrientationLandscapeRight";
				LD_RUNPATH_SEARCH_PATHS = (
					"$(inherited)",
					"@executable_path/Frameworks",
				);
				MARKETING_VERSION = 1.0;
				PRODUCT_BUNDLE_IDENTIFIER = kbtu.ArbuzShop;
				PRODUCT_NAME = "$(TARGET_NAME)";
				SWIFT_EMIT_LOC_STRINGS = YES;
				SWIFT_VERSION = 5.0;
				TARGETED_DEVICE_FAMILY = 1;
			};
			name = Release;
		};
/* End XCBuildConfiguration section */

/* Begin XCConfigurationList section */
		37F225512842DFBD00CE0797 /* Build configuration list for PBXProject "ArbuzShop" */ = {
			isa = XCConfigurationList;
			buildConfigurations = (
				37F225622842DFBF00CE0797 /* Debug */,
				37F225632842DFBF00CE0797 /* Release */,
			);
			defaultConfigurationIsVisible = 0;
			defaultConfigurationName = Release;
		};
		37F225642842DFBF00CE0797 /* Build configuration list for PBXNativeTarget "ArbuzShop" */ = {
			isa = XCConfigurationList;
			buildConfigurations = (
				37F225652842DFBF00CE0797 /* Debug */,
				37F225662842DFBF00CE0797 /* Release */,
			);
			defaultConfigurationIsVisible = 0;
			defaultConfigurationName = Release;
		};
/* End XCConfigurationList section */
	};
	rootObject = 37F2254E2842DFBD00CE0797 /* Project object */;
}
